
Microsoft Visual Studio Solution File, Format Version 12.00
# Visual Studio Version 17
VisualStudioVersion = 17.9.34902.65
MinimumVisualStudioVersion = 10.0.40219.1
Project("{8BC9CEB8-8B4A-11D0-8D11-00A0C91BC942}") = "01_Basic", "01_Basic\01_Basic.vcxproj", "{B4B47B91-B7E0-4CFF-8B3B-9F0D59FE109F}"
EndProject
Project("{8BC9CEB8-8B4A-11D0-8D11-00A0C91BC942}") = "02_Namespaces", "02_Namespaces\02_Namespaces.vcxproj", "{794C5AE8-10D7-4A29-A3A7-93AE3A9A8CF6}"
EndProject
Project("{8BC9CEB8-8B4A-11D0-8D11-00A0C91BC942}") = "03_Pointers", "03_Pointers\03_Pointers.vcxproj", "{BEEEC6D0-97D7-401B-AFD0-449390EC4267}"
EndProject
Project("{8BC9CEB8-8B4A-11D0-8D11-00A0C91BC942}") = "04_Constants", "04_Constants\04_Constants.vcxproj", "{E4C978A5-CDDD-4614-AAE8-49F5B01A8825}"
EndProject
Project("{8BC9CEB8-8B4A-11D0-8D11-00A0C91BC942}") = "05_Constants_Take2", "05_Constants_Take2\05_Constants_Take2.vcxproj", "{BD5D27F8-52B8-49AA-BFEB-FC99E2F87EC3}"
EndProject
Project("{8BC9CEB8-8B4A-11D0-8D11-00A0C91BC942}") = "06_PrologEpilog", "06_PrologEpilog\06_PrologEpilog.vcxproj", "{69C53A08-D364-4AC7-921C-1D76C8C8C608}"
EndProject
Global
	GlobalSection(SolutionConfigurationPlatforms) = preSolution
		Debug|x64 = Debug|x64
		Debug|x86 = Debug|x86
		Release|x64 = Release|x64
		Release|x86 = Release|x86
	EndGlobalSection
	GlobalSection(ProjectConfigurationPlatforms) = postSolution
		{B4B47B91-B7E0-4CFF-8B3B-9F0D59FE109F}.Debug|x64.ActiveCfg = Debug|x64
		{B4B47B91-B7E0-4CFF-8B3B-9F0D59FE109F}.Debug|x64.Build.0 = Debug|x64
		{B4B47B91-B7E0-4CFF-8B3B-9F0D59FE109F}.Debug|x86.ActiveCfg = Debug|Win32
		{B4B47B91-B7E0-4CFF-8B3B-9F0D59FE109F}.Debug|x86.Build.0 = Debug|Win32
		{B4B47B91-B7E0-4CFF-8B3B-9F0D59FE109F}.Release|x64.ActiveCfg = Release|x64
		{B4B47B91-B7E0-4CFF-8B3B-9F0D59FE109F}.Release|x64.Build.0 = Release|x64
		{B4B47B91-B7E0-4CFF-8B3B-9F0D59FE109F}.Release|x86.ActiveCfg = Release|Win32
		{B4B47B91-B7E0-4CFF-8B3B-9F0D59FE109F}.Release|x86.Build.0 = Release|Win32
		{794C5AE8-10D7-4A29-A3A7-93AE3A9A8CF6}.Debug|x64.ActiveCfg = Debug|x64
		{794C5AE8-10D7-4A29-A3A7-93AE3A9A8CF6}.Debug|x64.Build.0 = Debug|x64
		{794C5AE8-10D7-4A29-A3A7-93AE3A9A8CF6}.Debug|x86.ActiveCfg = Debug|Win32
		{794C5AE8-10D7-4A29-A3A7-93AE3A9A8CF6}.Debug|x86.Build.0 = Debug|Win32
		{794C5AE8-10D7-4A29-A3A7-93AE3A9A8CF6}.Release|x64.ActiveCfg = Release|x64
		{794C5AE8-10D7-4A29-A3A7-93AE3A9A8CF6}.Release|x64.Build.0 = Release|x64
		{794C5AE8-10D7-4A29-A3A7-93AE3A9A8CF6}.Release|x86.ActiveCfg = Release|Win32
		{794C5AE8-10D7-4A29-A3A7-93AE3A9A8CF6}.Release|x86.Build.0 = Release|Win32
		{BEEEC6D0-97D7-401B-AFD0-449390EC4267}.Debug|x64.ActiveCfg = Debug|x64
		{BEEEC6D0-97D7-401B-AFD0-449390EC4267}.Debug|x64.Build.0 = Debug|x64
		{BEEEC6D0-97D7-401B-AFD0-449390EC4267}.Debug|x86.ActiveCfg = Debug|Win32
		{BEEEC6D0-97D7-401B-AFD0-449390EC4267}.Debug|x86.Build.0 = Debug|Win32
		{BEEEC6D0-97D7-401B-AFD0-449390EC4267}.Release|x64.ActiveCfg = Release|x64
		{BEEEC6D0-97D7-401B-AFD0-449390EC4267}.Release|x64.Build.0 = Release|x64
		{BEEEC6D0-97D7-401B-AFD0-449390EC4267}.Release|x86.ActiveCfg = Release|Win32
		{BEEEC6D0-97D7-401B-AFD0-449390EC4267}.Release|x86.Build.0 = Release|Win32
		{E4C978A5-CDDD-4614-AAE8-49F5B01A8825}.Debug|x64.ActiveCfg = Debug|x64
		{E4C978A5-CDDD-4614-AAE8-49F5B01A8825}.Debug|x64.Build.0 = Debug|x64
		{E4C978A5-CDDD-4614-AAE8-49F5B01A8825}.Debug|x86.ActiveCfg = Debug|Win32
		{E4C978A5-CDDD-4614-AAE8-49F5B01A8825}.Debug|x86.Build.0 = Debug|Win32
		{E4C978A5-CDDD-4614-AAE8-49F5B01A8825}.Release|x64.ActiveCfg = Release|x64
		{E4C978A5-CDDD-4614-AAE8-49F5B01A8825}.Release|x64.Build.0 = Release|x64
		{E4C978A5-CDDD-4614-AAE8-49F5B01A8825}.Release|x86.ActiveCfg = Release|Win32
		{E4C978A5-CDDD-4614-AAE8-49F5B01A8825}.Release|x86.Build.0 = Release|Win32
		{BD5D27F8-52B8-49AA-BFEB-FC99E2F87EC3}.Debug|x64.ActiveCfg = Debug|x64
		{BD5D27F8-52B8-49AA-BFEB-FC99E2F87EC3}.Debug|x64.Build.0 = Debug|x64
		{BD5D27F8-52B8-49AA-BFEB-FC99E2F87EC3}.Debug|x86.ActiveCfg = Debug|Win32
		{BD5D27F8-52B8-49AA-BFEB-FC99E2F87EC3}.Debug|x86.Build.0 = Debug|Win32
		{BD5D27F8-52B8-49AA-BFEB-FC99E2F87EC3}.Release|x64.ActiveCfg = Release|x64
		{BD5D27F8-52B8-49AA-BFEB-FC99E2F87EC3}.Release|x64.Build.0 = Release|x64
		{BD5D27F8-52B8-49AA-BFEB-FC99E2F87EC3}.Release|x86.ActiveCfg = Release|Win32
		{BD5D27F8-52B8-49AA-BFEB-FC99E2F87EC3}.Release|x86.Build.0 = Release|Win32
		{69C53A08-D364-4AC7-921C-1D76C8C8C608}.Debug|x64.ActiveCfg = Debug|x64
		{69C53A08-D364-4AC7-921C-1D76C8C8C608}.Debug|x64.Build.0 = Debug|x64
		{69C53A08-D364-4AC7-921C-1D76C8C8C608}.Debug|x86.ActiveCfg = Debug|Win32
		{69C53A08-D364-4AC7-921C-1D76C8C8C608}.Debug|x86.Build.0 = Debug|Win32
		{69C53A08-D364-4AC7-921C-1D76C8C8C608}.Release|x64.ActiveCfg = Release|x64
		{69C53A08-D364-4AC7-921C-1D76C8C8C608}.Release|x64.Build.0 = Release|x64
		{69C53A08-D364-4AC7-921C-1D76C8C8C608}.Release|x86.ActiveCfg = Release|Win32
		{69C53A08-D364-4AC7-921C-1D76C8C8C608}.Release|x86.Build.0 = Release|Win32
	EndGlobalSection
	GlobalSection(SolutionProperties) = preSolution
		HideSolutionNode = FALSE
	EndGlobalSection
	GlobalSection(ExtensibilityGlobals) = postSolution
		SolutionGuid = {EAFE69D0-8385-4608-BCE8-71A609948EDE}
	EndGlobalSection
EndGlobal
